type: object
properties:
  value: 
    type: 
      - integer
      - boolean
    example: 3
  percentage_score: 
    type: integer
    example: 50
  feedback: 
    type: string
    example: "Please, update fields..."
  link: 
    type: 
      - "null"
      - integer
    example: "https://www.thecareeros.com"
